
Microsoft Visual Studio Solution File, Format Version 12.00
# Visual Studio Version 17
VisualStudioVersion = 17.14.36811.4 d17.14
MinimumVisualStudioVersion = 10.0.40219.1
Project("{FAE04EC0-301F-11D3-BF4B-00C04F79EFBC}") = "Exercice2", "Exercice2\Exercice2.csproj", "{D718D172-3EF3-403B-833D-06BF98492175}"
EndProject
Global
	GlobalSection(SolutionConfigurationPlatforms) = preSolution
		Debug|Any CPU = Debug|Any CPU
		Release|Any CPU = Release|Any CPU
	EndGlobalSection
	GlobalSection(ProjectConfigurationPlatforms) = postSolution
		{D718D172-3EF3-403B-833D-06BF98492175}.Debug|Any CPU.ActiveCfg = Debug|Any CPU
		{D718D172-3EF3-403B-833D-06BF98492175}.Debug|Any CPU.Build.0 = Debug|Any CPU
		{D718D172-3EF3-403B-833D-06BF98492175}.Release|Any CPU.ActiveCfg = Release|Any CPU
		{D718D172-3EF3-403B-833D-06BF98492175}.Release|Any CPU.Build.0 = Release|Any CPU
	EndGlobalSection
	GlobalSection(SolutionProperties) = preSolution
		HideSolutionNode = FALSE
	EndGlobalSection
	GlobalSection(ExtensibilityGlobals) = postSolution
		SolutionGuid = {2D214864-6622-4918-8846-FF68298434E9}
	EndGlobalSection
EndGlobal
