
Microsoft Visual Studio Solution File, Format Version 12.00
# Visual Studio Version 17
VisualStudioVersion = 17.14.36811.4 d17.14
MinimumVisualStudioVersion = 10.0.40219.1
Project("{FAE04EC0-301F-11D3-BF4B-00C04F79EFBC}") = "Exercice1", "Exercice1\Exercice1.csproj", "{E82AA4C7-6553-4B80-A9AF-BB3186CD0EBD}"
EndProject
Global
	GlobalSection(SolutionConfigurationPlatforms) = preSolution
		Debug|Any CPU = Debug|Any CPU
		Release|Any CPU = Release|Any CPU
	EndGlobalSection
	GlobalSection(ProjectConfigurationPlatforms) = postSolution
		{E82AA4C7-6553-4B80-A9AF-BB3186CD0EBD}.Debug|Any CPU.ActiveCfg = Debug|Any CPU
		{E82AA4C7-6553-4B80-A9AF-BB3186CD0EBD}.Debug|Any CPU.Build.0 = Debug|Any CPU
		{E82AA4C7-6553-4B80-A9AF-BB3186CD0EBD}.Release|Any CPU.ActiveCfg = Release|Any CPU
		{E82AA4C7-6553-4B80-A9AF-BB3186CD0EBD}.Release|Any CPU.Build.0 = Release|Any CPU
	EndGlobalSection
	GlobalSection(SolutionProperties) = preSolution
		HideSolutionNode = FALSE
	EndGlobalSection
	GlobalSection(ExtensibilityGlobals) = postSolution
		SolutionGuid = {2EBBDC7C-C1CC-4193-BB1F-3645AF253A26}
	EndGlobalSection
EndGlobal
